PODS:
  - Realm (3.1.0):
    - Realm/Headers (= 3.1.0)
  - Realm/Headers (3.1.0)
  - RealmSwift (3.1.0):
    - Realm (= 3.1.0)

DEPENDENCIES:
  - RealmSwift

SPEC CHECKSUMS:
  Realm: 09513d7c054678d65cd02ce09871f805b0d758ac
  RealmSwift: e868fee9b10e5490ad94b6b6ecd9027944da1824

PODFILE CHECKSUM: dad6dbc649d6172af0f48ed9d9dbb939cfca4f30

COCOAPODS: 1.4.0
