// !$*UTF8*$!
{
	archiveVersion = 1;
	classes = {
	};
	objectVersion = 48;
	objects = {

/* Begin PBXBuildFile section */
		83D9F58E200A158700D23215 /* AppDelegate.swift in Sources */ = {isa = PBXBuildFile; fileRef = 83D9F58D200A158700D23215 /* AppDelegate.swift */; };
		83D9F590200A158700D23215 /* HomeController.swift in Sources */ = {isa = PBXBuildFile; fileRef = 83D9F58F200A158700D23215 /* HomeController.swift */; };
		83D9F593200A158700D23215 /* Main.storyboard in Resources */ = {isa = PBXBuildFile; fileRef = 83D9F591200A158700D23215 /* Main.storyboard */; };
		83D9F595200A158700D23215 /* Assets.xcassets in Resources */ = {isa = PBXBuildFile; fileRef = 83D9F594200A158700D23215 /* Assets.xcassets */; };
		83D9F598200A158700D23215 /* LaunchScreen.storyboard in Resources */ = {isa = PBXBuildFile; fileRef = 83D9F596200A158700D23215 /* LaunchScreen.storyboard */; };
		83D9F5A0200A1F4F00D23215 /* ImageCell.swift in Sources */ = {isa = PBXBuildFile; fileRef = 83D9F59F200A1F4F00D23215 /* ImageCell.swift */; };
		83D9F5A2200A419F00D23215 /* ImagePreviewController.swift in Sources */ = {isa = PBXBuildFile; fileRef = 83D9F5A1200A419F00D23215 /* ImagePreviewController.swift */; };
		83D9F5C42013826200D23215 /* Image.swift in Sources */ = {isa = PBXBuildFile; fileRef = 83D9F5C32013826200D23215 /* Image.swift */; };
		E78DA05F8AE9FD7865DD8D26 /* Pods_LetsCapture.framework in Frameworks */ = {isa = PBXBuildFile; fileRef = 185179F47C2FFC7A79089BA4 /* Pods_LetsCapture.framework */; };
/* End PBXBuildFile section */

/* Begin PBXFileReference section */
		185179F47C2FFC7A79089BA4 /* Pods_LetsCapture.framework */ = {isa = PBXFileReference; explicitFileType = wrapper.framework; includeInIndex = 0; path = Pods_LetsCapture.framework; sourceTree = BUILT_PRODUCTS_DIR; };
		24705601E4EE7BA40F502195 /* Pods-LetsCapture.debug.xcconfig */ = {isa = PBXFileReference; includeInIndex = 1; lastKnownFileType = text.xcconfig; name = "Pods-LetsCapture.debug.xcconfig"; path = "Pods/Target Support Files/Pods-LetsCapture/Pods-LetsCapture.debug.xcconfig"; sourceTree = "<group>"; };
		83D9F58A200A158700D23215 /* LetsCapture.app */ = {isa = PBXFileReference; explicitFileType = wrapper.application; includeInIndex = 0; path = LetsCapture.app; sourceTree = BUILT_PRODUCTS_DIR; };
		83D9F58D200A158700D23215 /* AppDelegate.swift */ = {isa = PBXFileReference; lastKnownFileType = sourcecode.swift; path = AppDelegate.swift; sourceTree = "<group>"; };
		83D9F58F200A158700D23215 /* HomeController.swift */ = {isa = PBXFileReference; lastKnownFileType = sourcecode.swift; path = HomeController.swift; sourceTree = "<group>"; };
		83D9F592200A158700D23215 /* Base */ = {isa = PBXFileReference; lastKnownFileType = file.storyboard; name = Base; path = Base.lproj/Main.storyboard; sourceTree = "<group>"; };
		83D9F594200A158700D23215 /* Assets.xcassets */ = {isa = PBXFileReference; lastKnownFileType = folder.assetcatalog; path = Assets.xcassets; sourceTree = "<group>"; };
		83D9F597200A158700D23215 /* Base */ = {isa = PBXFileReference; lastKnownFileType = file.storyboard; name = Base; path = Base.lproj/LaunchScreen.storyboard; sourceTree = "<group>"; };
		83D9F599200A158700D23215 /* Info.plist */ = {isa = PBXFileReference; lastKnownFileType = text.plist.xml; path = Info.plist; sourceTree = "<group>"; };
		83D9F59F200A1F4F00D23215 /* ImageCell.swift */ = {isa = PBXFileReference; lastKnownFileType = sourcecode.swift; path = ImageCell.swift; sourceTree = "<group>"; };
		83D9F5A1200A419F00D23215 /* ImagePreviewController.swift */ = {isa = PBXFileReference; lastKnownFileType = sourcecode.swift; path = ImagePreviewController.swift; sourceTree = "<group>"; };
		83D9F5C32013826200D23215 /* Image.swift */ = {isa = PBXFileReference; lastKnownFileType = sourcecode.swift; path = Image.swift; sourceTree = "<group>"; };
		83FA30D020149897009B9553 /* LetsCapture.entitlements */ = {isa = PBXFileReference; lastKnownFileType = text.plist.entitlements; path = LetsCapture.entitlements; sourceTree = "<group>"; };
		EE832F40088D7AFF0084C4AB /* Pods-LetsCapture.release.xcconfig */ = {isa = PBXFileReference; includeInIndex = 1; lastKnownFileType = text.xcconfig; name = "Pods-LetsCapture.release.xcconfig"; path = "Pods/Target Support Files/Pods-LetsCapture/Pods-LetsCapture.release.xcconfig"; sourceTree = "<group>"; };
/* End PBXFileReference section */

/* Begin PBXFrameworksBuildPhase section */
		83D9F587200A158700D23215 /* Frameworks */ = {
			isa = PBXFrameworksBuildPhase;
			buildActionMask = 2147483647;
			files = (
				E78DA05F8AE9FD7865DD8D26 /* Pods_LetsCapture.framework in Frameworks */,
			);
			runOnlyForDeploymentPostprocessing = 0;
		};
/* End PBXFrameworksBuildPhase section */

/* Begin PBXGroup section */
		39F7C327B6D458072E0813E3 /* Pods */ = {
			isa = PBXGroup;
			children = (
				24705601E4EE7BA40F502195 /* Pods-LetsCapture.debug.xcconfig */,
				EE832F40088D7AFF0084C4AB /* Pods-LetsCapture.release.xcconfig */,
			);
			name = Pods;
			sourceTree = "<group>";
		};
		83D9F581200A158700D23215 = {
			isa = PBXGroup;
			children = (
				83D9F58C200A158700D23215 /* LetsCapture */,
				83D9F58B200A158700D23215 /* Products */,
				39F7C327B6D458072E0813E3 /* Pods */,
				FAA0C50AA8BFF8C7C7264D20 /* Frameworks */,
			);
			sourceTree = "<group>";
		};
		83D9F58B200A158700D23215 /* Products */ = {
			isa = PBXGroup;
			children = (
				83D9F58A200A158700D23215 /* LetsCapture.app */,
			);
			name = Products;
			sourceTree = "<group>";
		};
		83D9F58C200A158700D23215 /* LetsCapture */ = {
			isa = PBXGroup;
			children = (
				83FA30D020149897009B9553 /* LetsCapture.entitlements */,
				83D9F58D200A158700D23215 /* AppDelegate.swift */,
				83D9F58F200A158700D23215 /* HomeController.swift */,
				83D9F591200A158700D23215 /* Main.storyboard */,
				83D9F594200A158700D23215 /* Assets.xcassets */,
				83D9F596200A158700D23215 /* LaunchScreen.storyboard */,
				83D9F599200A158700D23215 /* Info.plist */,
				83D9F59F200A1F4F00D23215 /* ImageCell.swift */,
				83D9F5A1200A419F00D23215 /* ImagePreviewController.swift */,
				83D9F5C32013826200D23215 /* Image.swift */,
			);
			path = LetsCapture;
			sourceTree = "<group>";
		};
		FAA0C50AA8BFF8C7C7264D20 /* Frameworks */ = {
			isa = PBXGroup;
			children = (
				185179F47C2FFC7A79089BA4 /* Pods_LetsCapture.framework */,
			);
			name = Frameworks;
			sourceTree = "<group>";
		};
/* End PBXGroup section */

/* Begin PBXNativeTarget section */
		83D9F589200A158700D23215 /* LetsCapture */ = {
			isa = PBXNativeTarget;
			buildConfigurationList = 83D9F59C200A158700D23215 /* Build configuration list for PBXNativeTarget "LetsCapture" */;
			buildPhases = (
				8CD51695DCBA29E8E24E935A /* [CP] Check Pods Manifest.lock */,
				83D9F586200A158700D23215 /* Sources */,
				83D9F587200A158700D23215 /* Frameworks */,
				83D9F588200A158700D23215 /* Resources */,
				3EC444F1A078F8A9856F58B9 /* [CP] Embed Pods Frameworks */,
				A9B1E366FB10565F26432335 /* [CP] Copy Pods Resources */,
			);
			buildRules = (
			);
			dependencies = (
			);
			name = LetsCapture;
			productName = LetsCapture;
			productReference = 83D9F58A200A158700D23215 /* LetsCapture.app */;
			productType = "com.apple.product-type.application";
		};
/* End PBXNativeTarget section */

/* Begin PBXProject section */
		83D9F582200A158700D23215 /* Project object */ = {
			isa = PBXProject;
			attributes = {
				LastSwiftUpdateCheck = 0920;
				LastUpgradeCheck = 0920;
				ORGANIZATIONNAME = "Sanchit Garg";
				TargetAttributes = {
					83D9F589200A158700D23215 = {
						CreatedOnToolsVersion = 9.2;
						ProvisioningStyle = Automatic;
						SystemCapabilities = {
							com.apple.Keychain = {
								enabled = 1;
							};
						};
					};
				};
			};
			buildConfigurationList = 83D9F585200A158700D23215 /* Build configuration list for PBXProject "LetsCapture" */;
			compatibilityVersion = "Xcode 8.0";
			developmentRegion = en;
			hasScannedForEncodings = 0;
			knownRegions = (
				en,
				Base,
			);
			mainGroup = 83D9F581200A158700D23215;
			productRefGroup = 83D9F58B200A158700D23215 /* Products */;
			projectDirPath = "";
			projectRoot = "";
			targets = (
				83D9F589200A158700D23215 /* LetsCapture */,
			);
		};
/* End PBXProject section */

/* Begin PBXResourcesBuildPhase section */
		83D9F588200A158700D23215 /* Resources */ = {
			isa = PBXResourcesBuildPhase;
			buildActionMask = 2147483647;
			files = (
				83D9F598200A158700D23215 /* LaunchScreen.storyboard in Resources */,
				83D9F595200A158700D23215 /* Assets.xcassets in Resources */,
				83D9F593200A158700D23215 /* Main.storyboard in Resources */,
			);
			runOnlyForDeploymentPostprocessing = 0;
		};
/* End PBXResourcesBuildPhase section */

/* Begin PBXShellScriptBuildPhase section */
		3EC444F1A078F8A9856F58B9 /* [CP] Embed Pods Frameworks */ = {
			isa = PBXShellScriptBuildPhase;
			buildActionMask = 2147483647;
			files = (
			);
			inputPaths = (
				"${SRCROOT}/Pods/Target Support Files/Pods-LetsCapture/Pods-LetsCapture-frameworks.sh",
				"${BUILT_PRODUCTS_DIR}/Realm/Realm.framework",
				"${BUILT_PRODUCTS_DIR}/RealmSwift/RealmSwift.framework",
			);
			name = "[CP] Embed Pods Frameworks";
			outputPaths = (
				"${TARGET_BUILD_DIR}/${FRAMEWORKS_FOLDER_PATH}/Realm.framework",
				"${TARGET_BUILD_DIR}/${FRAMEWORKS_FOLDER_PATH}/RealmSwift.framework",
			);
			runOnlyForDeploymentPostprocessing = 0;
			shellPath = /bin/sh;
			shellScript = "\"${SRCROOT}/Pods/Target Support Files/Pods-LetsCapture/Pods-LetsCapture-frameworks.sh\"\n";
			showEnvVarsInLog = 0;
		};
		8CD51695DCBA29E8E24E935A /* [CP] Check Pods Manifest.lock */ = {
			isa = PBXShellScriptBuildPhase;
			buildActionMask = 2147483647;
			files = (
			);
			inputPaths = (
				"${PODS_PODFILE_DIR_PATH}/Podfile.lock",
				"${PODS_ROOT}/Manifest.lock",
			);
			name = "[CP] Check Pods Manifest.lock";
			outputPaths = (
				"$(DERIVED_FILE_DIR)/Pods-LetsCapture-checkManifestLockResult.txt",
			);
			runOnlyForDeploymentPostprocessing = 0;
			shellPath = /bin/sh;
			shellScript = "diff \"${PODS_PODFILE_DIR_PATH}/Podfile.lock\" \"${PODS_ROOT}/Manifest.lock\" > /dev/null\nif [ $? != 0 ] ; then\n    # print error to STDERR\n    echo \"error: The sandbox is not in sync with the Podfile.lock. Run 'pod install' or update your CocoaPods installation.\" >&2\n    exit 1\nfi\n# This output is used by Xcode 'outputs' to avoid re-running this script phase.\necho \"SUCCESS\" > \"${SCRIPT_OUTPUT_FILE_0}\"\n";
			showEnvVarsInLog = 0;
		};
		A9B1E366FB10565F26432335 /* [CP] Copy Pods Resources */ = {
			isa = PBXShellScriptBuildPhase;
			buildActionMask = 2147483647;
			files = (
			);
			inputPaths = (
			);
			name = "[CP] Copy Pods Resources";
			outputPaths = (
			);
			runOnlyForDeploymentPostprocessing = 0;
			shellPath = /bin/sh;
			shellScript = "\"${SRCROOT}/Pods/Target Support Files/Pods-LetsCapture/Pods-LetsCapture-resources.sh\"\n";
			showEnvVarsInLog = 0;
		};
/* End PBXShellScriptBuildPhase section */

/* Begin PBXSourcesBuildPhase section */
		83D9F586200A158700D23215 /* Sources */ = {
			isa = PBXSourcesBuildPhase;
			buildActionMask = 2147483647;
			files = (
				83D9F590200A158700D23215 /* HomeController.swift in Sources */,
				83D9F58E200A158700D23215 /* AppDelegate.swift in Sources */,
				83D9F5A2200A419F00D23215 /* ImagePreviewController.swift in Sources */,
				83D9F5A0200A1F4F00D23215 /* ImageCell.swift in Sources */,
				83D9F5C42013826200D23215 /* Image.swift in Sources */,
			);
			runOnlyForDeploymentPostprocessing = 0;
		};
/* End PBXSourcesBuildPhase section */

/* Begin PBXVariantGroup section */
		83D9F591200A158700D23215 /* Main.storyboard */ = {
			isa = PBXVariantGroup;
			children = (
				83D9F592200A158700D23215 /* Base */,
			);
			name = Main.storyboard;
			sourceTree = "<group>";
		};
		83D9F596200A158700D23215 /* LaunchScreen.storyboard */ = {
			isa = PBXVariantGroup;
			children = (
				83D9F597200A158700D23215 /* Base */,
			);
			name = LaunchScreen.storyboard;
			sourceTree = "<group>";
		};
/* End PBXVariantGroup section */

/* Begin XCBuildConfiguration section */
		83D9F59A200A158700D23215 /* Debug */ = {
			isa = XCBuildConfiguration;
			buildSettings = {
				ALWAYS_SEARCH_USER_PATHS = NO;
				CLANG_ANALYZER_NONNULL = YES;
				CLANG_ANALYZER_NUMBER_OBJECT_CONVERSION = YES_AGGRESSIVE;
				CLANG_CXX_LANGUAGE_STANDARD = "gnu++14";
				CLANG_CXX_LIBRARY = "libc++";
				CLANG_ENABLE_MODULES = YES;
				CLANG_ENABLE_OBJC_ARC = YES;
				CLANG_WARN_BLOCK_CAPTURE_AUTORELEASING = YES;
				CLANG_WARN_BOOL_CONVERSION = YES;
				CLANG_WARN_COMMA = YES;
				CLANG_WARN_CONSTANT_CONVERSION = YES;
				CLANG_WARN_DIRECT_OBJC_ISA_USAGE = YES_ERROR;
				CLANG_WARN_DOCUMENTATION_COMMENTS = YES;
				CLANG_WARN_EMPTY_BODY = YES;
				CLANG_WARN_ENUM_CONVERSION = YES;
				CLANG_WARN_INFINITE_RECURSION = YES;
				CLANG_WARN_INT_CONVERSION = YES;
				CLANG_WARN_NON_LITERAL_NULL_CONVERSION = YES;
				CLANG_WARN_OBJC_LITERAL_CONVERSION = YES;
				CLANG_WARN_OBJC_ROOT_CLASS = YES_ERROR;
				CLANG_WARN_RANGE_LOOP_ANALYSIS = YES;
				CLANG_WARN_STRICT_PROTOTYPES = YES;
				CLANG_WARN_SUSPICIOUS_MOVE = YES;
				CLANG_WARN_UNGUARDED_AVAILABILITY = YES_AGGRESSIVE;
				CLANG_WARN_UNREACHABLE_CODE = YES;
				CLANG_WARN__DUPLICATE_METHOD_MATCH = YES;
				CODE_SIGN_IDENTITY = "iPhone Developer";
				COPY_PHASE_STRIP = NO;
				DEBUG_INFORMATION_FORMAT = dwarf;
				ENABLE_STRICT_OBJC_MSGSEND = YES;
				ENABLE_TESTABILITY = YES;
				GCC_C_LANGUAGE_STANDARD = gnu11;
				GCC_DYNAMIC_NO_PIC = NO;
				GCC_NO_COMMON_BLOCKS = YES;
				GCC_OPTIMIZATION_LEVEL = 0;
				GCC_PREPROCESSOR_DEFINITIONS = (
					"DEBUG=1",
					"$(inherited)",
				);
				GCC_WARN_64_TO_32_BIT_CONVERSION = YES;
				GCC_WARN_ABOUT_RETURN_TYPE = YES_ERROR;
				GCC_WARN_UNDECLARED_SELECTOR = YES;
				GCC_WARN_UNINITIALIZED_AUTOS = YES_AGGRESSIVE;
				GCC_WARN_UNUSED_FUNCTION = YES;
				GCC_WARN_UNUSED_VARIABLE = YES;
				IPHONEOS_DEPLOYMENT_TARGET = 11.2;
				MTL_ENABLE_DEBUG_INFO = YES;
				ONLY_ACTIVE_ARCH = YES;
				SDKROOT = iphoneos;
				SWIFT_ACTIVE_COMPILATION_CONDITIONS = DEBUG;
				SWIFT_OPTIMIZATION_LEVEL = "-Onone";
			};
			name = Debug;
		};
		83D9F59B200A158700D23215 /* Release */ = {
			isa = XCBuildConfiguration;
			buildSettings = {
				ALWAYS_SEARCH_USER_PATHS = NO;
				CLANG_ANALYZER_NONNULL = YES;
				CLANG_ANALYZER_NUMBER_OBJECT_CONVERSION = YES_AGGRESSIVE;
				CLANG_CXX_LANGUAGE_STANDARD = "gnu++14";
				CLANG_CXX_LIBRARY = "libc++";
				CLANG_ENABLE_MODULES = YES;
				CLANG_ENABLE_OBJC_ARC = YES;
				CLANG_WARN_BLOCK_CAPTURE_AUTORELEASING = YES;
				CLANG_WARN_BOOL_CONVERSION = YES;
				CLANG_WARN_COMMA = YES;
				CLANG_WARN_CONSTANT_CONVERSION = YES;
				CLANG_WARN_DIRECT_OBJC_ISA_USAGE = YES_ERROR;
				CLANG_WARN_DOCUMENTATION_COMMENTS = YES;
				CLANG_WARN_EMPTY_BODY = YES;
				CLANG_WARN_ENUM_CONVERSION = YES;
				CLANG_WARN_INFINITE_RECURSION = YES;
				CLANG_WARN_INT_CONVERSION = YES;
				CLANG_WARN_NON_LITERAL_NULL_CONVERSION = YES;
				CLANG_WARN_OBJC_LITERAL_CONVERSION = YES;
				CLANG_WARN_OBJC_ROOT_CLASS = YES_ERROR;
				CLANG_WARN_RANGE_LOOP_ANALYSIS = YES;
				CLANG_WARN_STRICT_PROTOTYPES = YES;
				CLANG_WARN_SUSPICIOUS_MOVE = YES;
				CLANG_WARN_UNGUARDED_AVAILABILITY = YES_AGGRESSIVE;
				CLANG_WARN_UNREACHABLE_CODE = YES;
				CLANG_WARN__DUPLICATE_METHOD_MATCH = YES;
				CODE_SIGN_IDENTITY = "iPhone Developer";
				COPY_PHASE_STRIP = NO;
				DEBUG_INFORMATION_FORMAT = "dwarf-with-dsym";
				ENABLE_NS_ASSERTIONS = NO;
				ENABLE_STRICT_OBJC_MSGSEND = YES;
				GCC_C_LANGUAGE_STANDARD = gnu11;
				GCC_NO_COMMON_BLOCKS = YES;
				GCC_WARN_64_TO_32_BIT_CONVERSION = YES;
				GCC_WARN_ABOUT_RETURN_TYPE = YES_ERROR;
				GCC_WARN_UNDECLARED_SELECTOR = YES;
				GCC_WARN_UNINITIALIZED_AUTOS = YES_AGGRESSIVE;
				GCC_WARN_UNUSED_FUNCTION = YES;
				GCC_WARN_UNUSED_VARIABLE = YES;
				IPHONEOS_DEPLOYMENT_TARGET = 11.2;
				MTL_ENABLE_DEBUG_INFO = NO;
				SDKROOT = iphoneos;
				SWIFT_OPTIMIZATION_LEVEL = "-Owholemodule";
				VALIDATE_PRODUCT = YES;
			};
			name = Release;
		};
		83D9F59D200A158700D23215 /* Debug */ = {
			isa = XCBuildConfiguration;
			baseConfigurationReference = 24705601E4EE7BA40F502195 /* Pods-LetsCapture.debug.xcconfig */;
			buildSettings = {
				ASSETCATALOG_COMPILER_APPICON_NAME = AppIcon;
				CODE_SIGN_ENTITLEMENTS = LetsCapture/LetsCapture.entitlements;
				CODE_SIGN_STYLE = Automatic;
				DEVELOPMENT_TEAM = 8366B7L8MG;
				INFOPLIST_FILE = LetsCapture/Info.plist;
				LD_RUNPATH_SEARCH_PATHS = "$(inherited) @executable_path/Frameworks";
				PRODUCT_BUNDLE_IDENTIFIER = com.sanchitgarg.LetsCapture;
				PRODUCT_NAME = "$(TARGET_NAME)";
				SWIFT_VERSION = 4.0;
				TARGETED_DEVICE_FAMILY = "1,2";
			};
			name = Debug;
		};
		83D9F59E200A158700D23215 /* Release */ = {
			isa = XCBuildConfiguration;
			baseConfigurationReference = EE832F40088D7AFF0084C4AB /* Pods-LetsCapture.release.xcconfig */;
			buildSettings = {
				ASSETCATALOG_COMPILER_APPICON_NAME = AppIcon;
				CODE_SIGN_ENTITLEMENTS = LetsCapture/LetsCapture.entitlements;
				CODE_SIGN_STYLE = Automatic;
				DEVELOPMENT_TEAM = 8366B7L8MG;
				INFOPLIST_FILE = LetsCapture/Info.plist;
				LD_RUNPATH_SEARCH_PATHS = "$(inherited) @executable_path/Frameworks";
				PRODUCT_BUNDLE_IDENTIFIER = com.sanchitgarg.LetsCapture;
				PRODUCT_NAME = "$(TARGET_NAME)";
				SWIFT_VERSION = 4.0;
				TARGETED_DEVICE_FAMILY = "1,2";
			};
			name = Release;
		};
/* End XCBuildConfiguration section */

/* Begin XCConfigurationList section */
		83D9F585200A158700D23215 /* Build configuration list for PBXProject "LetsCapture" */ = {
			isa = XCConfigurationList;
			buildConfigurations = (
				83D9F59A200A158700D23215 /* Debug */,
				83D9F59B200A158700D23215 /* Release */,
			);
			defaultConfigurationIsVisible = 0;
			defaultConfigurationName = Release;
		};
		83D9F59C200A158700D23215 /* Build configuration list for PBXNativeTarget "LetsCapture" */ = {
			isa = XCConfigurationList;
			buildConfigurations = (
				83D9F59D200A158700D23215 /* Debug */,
				83D9F59E200A158700D23215 /* Release */,
			);
			defaultConfigurationIsVisible = 0;
			defaultConfigurationName = Release;
		};
/* End XCConfigurationList section */
	};
	rootObject = 83D9F582200A158700D23215 /* Project object */;
}
